
Microsoft Visual Studio Solution File, Format Version 12.00
# Visual Studio Version 17
VisualStudioVersion = 17.14.36414.22 d17.14
MinimumVisualStudioVersion = 10.0.40219.1
Project("{FAE04EC0-301F-11D3-BF4B-00C04F79EFBC}") = "NvdProxyApi", "NvdProxyApi.csproj", "{7A22BAE5-F5CB-4D48-035C-DC8F4C7F3E08}"
EndProject
Global
	GlobalSection(SolutionConfigurationPlatforms) = preSolution
		Debug|Any CPU = Debug|Any CPU
		Release|Any CPU = Release|Any CPU
	EndGlobalSection
	GlobalSection(ProjectConfigurationPlatforms) = postSolution
		{7A22BAE5-F5CB-4D48-035C-DC8F4C7F3E08}.Debug|Any CPU.ActiveCfg = Debug|Any CPU
		{7A22BAE5-F5CB-4D48-035C-DC8F4C7F3E08}.Debug|Any CPU.Build.0 = Debug|Any CPU
		{7A22BAE5-F5CB-4D48-035C-DC8F4C7F3E08}.Release|Any CPU.ActiveCfg = Release|Any CPU
		{7A22BAE5-F5CB-4D48-035C-DC8F4C7F3E08}.Release|Any CPU.Build.0 = Release|Any CPU
	EndGlobalSection
	GlobalSection(SolutionProperties) = preSolution
		HideSolutionNode = FALSE
	EndGlobalSection
	GlobalSection(ExtensibilityGlobals) = postSolution
		SolutionGuid = {C4B48243-F883-41D7-BB19-5B14327031B0}
	EndGlobalSection
EndGlobal
